// !$*UTF8*$!
{
	archiveVersion = 1;
	classes = {
	};
	objectVersion = 46;
	objects = {

/* Begin PBXBuildFile section */
		5F1B61A219C221F100D7A515 /* Parallax.m in Sources */ = {isa = PBXBuildFile; fileRef = 5F1B61A119C221F100D7A515 /* Parallax.m */; };
		5F7084E619C36C6C0017D03B /* FluxIsDownViewController.m in Sources */ = {isa = PBXBuildFile; fileRef = 5F7084E419C36C6C0017D03B /* FluxIsDownViewController.m */; };
		5F7084E719C36C6C0017D03B /* FluxIsDownViewController.xib in Resources */ = {isa = PBXBuildFile; fileRef = 5F7084E519C36C6C0017D03B /* FluxIsDownViewController.xib */; };
		5FB272AC19C4862800CCB4B7 /* FacebookSDK.framework in Frameworks */ = {isa = PBXBuildFile; fileRef = 5FB272AB19C4862700CCB4B7 /* FacebookSDK.framework */; };
		5FB5FB4919C9EEE6007CE3BF /* Crashlytics.framework in Frameworks */ = {isa = PBXBuildFile; fileRef = 5FB5FB4819C9EEE6007CE3BF /* Crashlytics.framework */; };
		730C799F17E48C9B00E7572F /* CUViewController.m in Sources */ = {isa = PBXBuildFile; fileRef = 730C799D17E48C9B00E7572F /* CUViewController.m */; };
		730C79A017E48C9B00E7572F /* CUViewController.xib in Resources */ = {isa = PBXBuildFile; fileRef = 730C799E17E48C9B00E7572F /* CUViewController.xib */; };
		730C79A517E48EC700E7572F /* InfosViewController.m in Sources */ = {isa = PBXBuildFile; fileRef = 730C79A317E48EC700E7572F /* InfosViewController.m */; };
		730C79A617E48EC700E7572F /* InfosViewController.xib in Resources */ = {isa = PBXBuildFile; fileRef = 730C79A417E48EC700E7572F /* InfosViewController.xib */; };
		730C79AD17E4A26B00E7572F /* FreshnewsViewController.m in Sources */ = {isa = PBXBuildFile; fileRef = 730C79AB17E4A26B00E7572F /* FreshnewsViewController.m */; };
		730C79AE17E4A26B00E7572F /* FreshnewsViewController.xib in Resources */ = {isa = PBXBuildFile; fileRef = 730C79AC17E4A26B00E7572F /* FreshnewsViewController.xib */; };
		730C79B217E4A29F00E7572F /* MixesViewController.m in Sources */ = {isa = PBXBuildFile; fileRef = 730C79B017E4A29F00E7572F /* MixesViewController.m */; };
		730C79B317E4A29F00E7572F /* MixesViewController.xib in Resources */ = {isa = PBXBuildFile; fileRef = 730C79B117E4A29F00E7572F /* MixesViewController.xib */; };
		730C79B717E4A2B400E7572F /* ReplaysViewController.m in Sources */ = {isa = PBXBuildFile; fileRef = 730C79B517E4A2B400E7572F /* ReplaysViewController.m */; };
		730C79B817E4A2B400E7572F /* ReplaysViewController.xib in Resources */ = {isa = PBXBuildFile; fileRef = 730C79B617E4A2B400E7572F /* ReplaysViewController.xib */; };
		730C79BD17E4B46100E7572F /* OnAirViewController.m in Sources */ = {isa = PBXBuildFile; fileRef = 730C79BB17E4B46100E7572F /* OnAirViewController.m */; };
		730C79BE17E4B46100E7572F /* OnAirViewController.xib in Resources */ = {isa = PBXBuildFile; fileRef = 730C79BC17E4B46100E7572F /* OnAirViewController.xib */; };
		7319EE4717291FF700C502E5 /* Macros.m in Sources */ = {isa = PBXBuildFile; fileRef = 7319EE4617291FF700C502E5 /* Macros.m */; };
		7319EE491729348000C502E5 /* MediaPlayer.framework in Frameworks */ = {isa = PBXBuildFile; fileRef = 7319EE481729348000C502E5 /* MediaPlayer.framework */; };
		733B5E4F176CB06D00A7B42A /* AVFoundation.framework in Frameworks */ = {isa = PBXBuildFile; fileRef = 733B5E4E176CB06D00A7B42A /* AVFoundation.framework */; };
		735379D7190D4554001F0D67 /* Images.xcassets in Resources */ = {isa = PBXBuildFile; fileRef = 735379D6190D4554001F0D67 /* Images.xcassets */; };
		735EF77F17D8FA6400030BBD /* HomeViewController.m in Sources */ = {isa = PBXBuildFile; fileRef = 735EF77D17D8FA6300030BBD /* HomeViewController.m */; };
		735EF78017D8FA6400030BBD /* HomeViewController.xib in Resources */ = {isa = PBXBuildFile; fileRef = 735EF77E17D8FA6400030BBD /* HomeViewController.xib */; };
		735EF78517D8FE8300030BBD /* SectionCell.m in Sources */ = {isa = PBXBuildFile; fileRef = 735EF78417D8FE8300030BBD /* SectionCell.m */; };
		735EF78717D8FE9800030BBD /* SectionCell.xib in Resources */ = {isa = PBXBuildFile; fileRef = 735EF78617D8FE9800030BBD /* SectionCell.xib */; };
		7366721D1779D5EB0017036A /* Localizable.strings in Resources */ = {isa = PBXBuildFile; fileRef = 7366721F1779D5EB0017036A /* Localizable.strings */; };
		736672251779DE850017036A /* ViewTranslater.m in Sources */ = {isa = PBXBuildFile; fileRef = 736672241779DE850017036A /* ViewTranslater.m */; };
		7375396516D0361600A74EF2 /* UIKit.framework in Frameworks */ = {isa = PBXBuildFile; fileRef = 7375396416D0361600A74EF2 /* UIKit.framework */; };
		7375396716D0361600A74EF2 /* Foundation.framework in Frameworks */ = {isa = PBXBuildFile; fileRef = 7375396616D0361600A74EF2 /* Foundation.framework */; };
		7375396916D0361600A74EF2 /* CoreGraphics.framework in Frameworks */ = {isa = PBXBuildFile; fileRef = 7375396816D0361600A74EF2 /* CoreGraphics.framework */; };
		7375397116D0361600A74EF2 /* main.m in Sources */ = {isa = PBXBuildFile; fileRef = 7375397016D0361600A74EF2 /* main.m */; };
		7375397516D0361600A74EF2 /* AppDelegate.m in Sources */ = {isa = PBXBuildFile; fileRef = 7375397416D0361600A74EF2 /* AppDelegate.m */; };
		737974F61709EF5D00373D7F /* MessageUI.framework in Frameworks */ = {isa = PBXBuildFile; fileRef = 737974F51709EF5D00373D7F /* MessageUI.framework */; };
		73A7EC3B17679EC600031C99 /* Accounts.framework in Frameworks */ = {isa = PBXBuildFile; fileRef = 73A7EC3617679EC600031C99 /* Accounts.framework */; };
		73A7EC3C17679EC600031C99 /* AdSupport.framework in Frameworks */ = {isa = PBXBuildFile; fileRef = 73A7EC3717679EC600031C99 /* AdSupport.framework */; };
		73A7EC3D17679EC600031C99 /* libsqlite3.dylib in Frameworks */ = {isa = PBXBuildFile; fileRef = 73A7EC3817679EC600031C99 /* libsqlite3.dylib */; };
		73A7EC3E17679EC600031C99 /* Security.framework in Frameworks */ = {isa = PBXBuildFile; fileRef = 73A7EC3917679EC600031C99 /* Security.framework */; };
		73A7EC3F17679EC600031C99 /* Social.framework in Frameworks */ = {isa = PBXBuildFile; fileRef = 73A7EC3A17679EC600031C99 /* Social.framework */; settings = {ATTRIBUTES = (Weak, ); }; };
		73B4189C1738222000144C53 /* AFHTTPClient.m in Sources */ = {isa = PBXBuildFile; fileRef = 73B4185A1738222000144C53 /* AFHTTPClient.m */; };
		73B4189D1738222000144C53 /* AFHTTPRequestOperation.m in Sources */ = {isa = PBXBuildFile; fileRef = 73B4185C1738222000144C53 /* AFHTTPRequestOperation.m */; };
		73B4189E1738222000144C53 /* AFImageRequestOperation.m in Sources */ = {isa = PBXBuildFile; fileRef = 73B4185E1738222000144C53 /* AFImageRequestOperation.m */; };
		73B4189F1738222000144C53 /* AFJSONRequestOperation.m in Sources */ = {isa = PBXBuildFile; fileRef = 73B418601738222000144C53 /* AFJSONRequestOperation.m */; };
		73B418A01738222000144C53 /* AFNetworkActivityIndicatorManager.m in Sources */ = {isa = PBXBuildFile; fileRef = 73B418621738222000144C53 /* AFNetworkActivityIndicatorManager.m */; };
		73B418A11738222000144C53 /* AFPropertyListRequestOperation.m in Sources */ = {isa = PBXBuildFile; fileRef = 73B418651738222000144C53 /* AFPropertyListRequestOperation.m */; };
		73B418A21738222000144C53 /* AFURLConnectionOperation.m in Sources */ = {isa = PBXBuildFile; fileRef = 73B418671738222000144C53 /* AFURLConnectionOperation.m */; };
		73B418A31738222000144C53 /* AFXMLRequestOperation.m in Sources */ = {isa = PBXBuildFile; fileRef = 73B418691738222000144C53 /* AFXMLRequestOperation.m */; };
		73B418A41738222000144C53 /* UIImageView+AFNetworking.m in Sources */ = {isa = PBXBuildFile; fileRef = 73B4186B1738222000144C53 /* UIImageView+AFNetworking.m */; };
		73EB99A11707684900C3E2DA /* QuartzCore.framework in Frameworks */ = {isa = PBXBuildFile; fileRef = 73EB99A01707684900C3E2DA /* QuartzCore.framework */; };
/* End PBXBuildFile section */

/* Begin PBXFileReference section */
		5F1B61A019C221F100D7A515 /* Parallax.h */ = {isa = PBXFileReference; fileEncoding = 4; lastKnownFileType = sourcecode.c.h; path = Parallax.h; sourceTree = "<group>"; };
		5F1B61A119C221F100D7A515 /* Parallax.m */ = {isa = PBXFileReference; fileEncoding = 4; lastKnownFileType = sourcecode.c.objc; path = Parallax.m; sourceTree = "<group>"; };
		5F7084E319C36C6C0017D03B /* FluxIsDownViewController.h */ = {isa = PBXFileReference; fileEncoding = 4; lastKnownFileType = sourcecode.c.h; path = FluxIsDownViewController.h; sourceTree = "<group>"; };
		5F7084E419C36C6C0017D03B /* FluxIsDownViewController.m */ = {isa = PBXFileReference; fileEncoding = 4; lastKnownFileType = sourcecode.c.objc; path = FluxIsDownViewController.m; sourceTree = "<group>"; };
		5F7084E519C36C6C0017D03B /* FluxIsDownViewController.xib */ = {isa = PBXFileReference; fileEncoding = 4; lastKnownFileType = file.xib; path = FluxIsDownViewController.xib; sourceTree = "<group>"; };
		5FB272AB19C4862700CCB4B7 /* FacebookSDK.framework */ = {isa = PBXFileReference; lastKnownFileType = wrapper.framework; name = FacebookSDK.framework; path = RiderRadio/Libs/FacebookSDK.framework; sourceTree = "<group>"; };
		5FB5FB4819C9EEE6007CE3BF /* Crashlytics.framework */ = {isa = PBXFileReference; lastKnownFileType = wrapper.framework; path = Crashlytics.framework; sourceTree = "<group>"; };
		730C799C17E48C9B00E7572F /* CUViewController.h */ = {isa = PBXFileReference; fileEncoding = 4; lastKnownFileType = sourcecode.c.h; path = CUViewController.h; sourceTree = "<group>"; };
		730C799D17E48C9B00E7572F /* CUViewController.m */ = {isa = PBXFileReference; fileEncoding = 4; lastKnownFileType = sourcecode.c.objc; path = CUViewController.m; sourceTree = "<group>"; };
		730C799E17E48C9B00E7572F /* CUViewController.xib */ = {isa = PBXFileReference; fileEncoding = 4; lastKnownFileType = file.xib; path = CUViewController.xib; sourceTree = "<group>"; };
		730C79A217E48EC700E7572F /* InfosViewController.h */ = {isa = PBXFileReference; fileEncoding = 4; lastKnownFileType = sourcecode.c.h; path = InfosViewController.h; sourceTree = "<group>"; };
		730C79A317E48EC700E7572F /* InfosViewController.m */ = {isa = PBXFileReference; fileEncoding = 4; lastKnownFileType = sourcecode.c.objc; path = InfosViewController.m; sourceTree = "<group>"; };
		730C79A417E48EC700E7572F /* InfosViewController.xib */ = {isa = PBXFileReference; fileEncoding = 4; lastKnownFileType = file.xib; path = InfosViewController.xib; sourceTree = "<group>"; };
		730C79AA17E4A26B00E7572F /* FreshnewsViewController.h */ = {isa = PBXFileReference; fileEncoding = 4; lastKnownFileType = sourcecode.c.h; path = FreshnewsViewController.h; sourceTree = "<group>"; };
		730C79AB17E4A26B00E7572F /* FreshnewsViewController.m */ = {isa = PBXFileReference; fileEncoding = 4; lastKnownFileType = sourcecode.c.objc; path = FreshnewsViewController.m; sourceTree = "<group>"; };
		730C79AC17E4A26B00E7572F /* FreshnewsViewController.xib */ = {isa = PBXFileReference; fileEncoding = 4; lastKnownFileType = file.xib; path = FreshnewsViewController.xib; sourceTree = "<group>"; };
		730C79AF17E4A29F00E7572F /* MixesViewController.h */ = {isa = PBXFileReference; fileEncoding = 4; lastKnownFileType = sourcecode.c.h; path = MixesViewController.h; sourceTree = "<group>"; };
		730C79B017E4A29F00E7572F /* MixesViewController.m */ = {isa = PBXFileReference; fileEncoding = 4; lastKnownFileType = sourcecode.c.objc; path = MixesViewController.m; sourceTree = "<group>"; };
		730C79B117E4A29F00E7572F /* MixesViewController.xib */ = {isa = PBXFileReference; fileEncoding = 4; lastKnownFileType = file.xib; path = MixesViewController.xib; sourceTree = "<group>"; };
		730C79B417E4A2B400E7572F /* ReplaysViewController.h */ = {isa = PBXFileReference; fileEncoding = 4; lastKnownFileType = sourcecode.c.h; path = ReplaysViewController.h; sourceTree = "<group>"; };
		730C79B517E4A2B400E7572F /* ReplaysViewController.m */ = {isa = PBXFileReference; fileEncoding = 4; lastKnownFileType = sourcecode.c.objc; path = ReplaysViewController.m; sourceTree = "<group>"; };
		730C79B617E4A2B400E7572F /* ReplaysViewController.xib */ = {isa = PBXFileReference; fileEncoding = 4; lastKnownFileType = file.xib; path = ReplaysViewController.xib; sourceTree = "<group>"; };
		730C79BA17E4B46100E7572F /* OnAirViewController.h */ = {isa = PBXFileReference; fileEncoding = 4; lastKnownFileType = sourcecode.c.h; path = OnAirViewController.h; sourceTree = "<group>"; };
		730C79BB17E4B46100E7572F /* OnAirViewController.m */ = {isa = PBXFileReference; fileEncoding = 4; lastKnownFileType = sourcecode.c.objc; path = OnAirViewController.m; sourceTree = "<group>"; };
		730C79BC17E4B46100E7572F /* OnAirViewController.xib */ = {isa = PBXFileReference; fileEncoding = 4; lastKnownFileType = file.xib; path = OnAirViewController.xib; sourceTree = "<group>"; };
		7319EE4517291FF700C502E5 /* Macros.h */ = {isa = PBXFileReference; fileEncoding = 4; lastKnownFileType = sourcecode.c.h; path = Macros.h; sourceTree = "<group>"; };
		7319EE4617291FF700C502E5 /* Macros.m */ = {isa = PBXFileReference; fileEncoding = 4; lastKnownFileType = sourcecode.c.objc; path = Macros.m; sourceTree = "<group>"; };
		7319EE481729348000C502E5 /* MediaPlayer.framework */ = {isa = PBXFileReference; lastKnownFileType = wrapper.framework; name = MediaPlayer.framework; path = System/Library/Frameworks/MediaPlayer.framework; sourceTree = SDKROOT; };
		733B5E4E176CB06D00A7B42A /* AVFoundation.framework */ = {isa = PBXFileReference; lastKnownFileType = wrapper.framework; name = AVFoundation.framework; path = System/Library/Frameworks/AVFoundation.framework; sourceTree = SDKROOT; };
		735379D6190D4554001F0D67 /* Images.xcassets */ = {isa = PBXFileReference; lastKnownFileType = folder.assetcatalog; path = Images.xcassets; sourceTree = "<group>"; };
		735EF77C17D8FA6300030BBD /* HomeViewController.h */ = {isa = PBXFileReference; fileEncoding = 4; lastKnownFileType = sourcecode.c.h; path = HomeViewController.h; sourceTree = "<group>"; };
		735EF77D17D8FA6300030BBD /* HomeViewController.m */ = {isa = PBXFileReference; fileEncoding = 4; lastKnownFileType = sourcecode.c.objc; path = HomeViewController.m; sourceTree = "<group>"; };
		735EF77E17D8FA6400030BBD /* HomeViewController.xib */ = {isa = PBXFileReference; fileEncoding = 4; lastKnownFileType = file.xib; path = HomeViewController.xib; sourceTree = "<group>"; };
		735EF78317D8FE8300030BBD /* SectionCell.h */ = {isa = PBXFileReference; fileEncoding = 4; lastKnownFileType = sourcecode.c.h; path = SectionCell.h; sourceTree = "<group>"; };
		735EF78417D8FE8300030BBD /* SectionCell.m */ = {isa = PBXFileReference; fileEncoding = 4; lastKnownFileType = sourcecode.c.objc; path = SectionCell.m; sourceTree = "<group>"; };
		735EF78617D8FE9800030BBD /* SectionCell.xib */ = {isa = PBXFileReference; fileEncoding = 4; lastKnownFileType = file.xib; path = SectionCell.xib; sourceTree = "<group>"; };
		7366721E1779D5EB0017036A /* en */ = {isa = PBXFileReference; lastKnownFileType = text.plist.strings; name = en; path = en.lproj/Localizable.strings; sourceTree = "<group>"; };
		736672201779D5F60017036A /* fr */ = {isa = PBXFileReference; lastKnownFileType = text.plist.strings; name = fr; path = fr.lproj/Localizable.strings; sourceTree = "<group>"; };
		736672231779DE850017036A /* ViewTranslater.h */ = {isa = PBXFileReference; fileEncoding = 4; lastKnownFileType = sourcecode.c.h; path = ViewTranslater.h; sourceTree = "<group>"; };
		736672241779DE850017036A /* ViewTranslater.m */ = {isa = PBXFileReference; fileEncoding = 4; lastKnownFileType = sourcecode.c.objc; path = ViewTranslater.m; sourceTree = "<group>"; };
		7375396116D0361600A74EF2 /* RiderRadio.app */ = {isa = PBXFileReference; explicitFileType = wrapper.application; includeInIndex = 0; path = RiderRadio.app; sourceTree = BUILT_PRODUCTS_DIR; };
		7375396416D0361600A74EF2 /* UIKit.framework */ = {isa = PBXFileReference; lastKnownFileType = wrapper.framework; name = UIKit.framework; path = System/Library/Frameworks/UIKit.framework; sourceTree = SDKROOT; };
		7375396616D0361600A74EF2 /* Foundation.framework */ = {isa = PBXFileReference; lastKnownFileType = wrapper.framework; name = Foundation.framework; path = System/Library/Frameworks/Foundation.framework; sourceTree = SDKROOT; };
		7375396816D0361600A74EF2 /* CoreGraphics.framework */ = {isa = PBXFileReference; lastKnownFileType = wrapper.framework; name = CoreGraphics.framework; path = System/Library/Frameworks/CoreGraphics.framework; sourceTree = SDKROOT; };
		7375396C16D0361600A74EF2 /* RiderRadio-Info.plist */ = {isa = PBXFileReference; lastKnownFileType = text.plist.xml; path = "RiderRadio-Info.plist"; sourceTree = "<group>"; };
		7375397016D0361600A74EF2 /* main.m */ = {isa = PBXFileReference; lastKnownFileType = sourcecode.c.objc; path = main.m; sourceTree = "<group>"; };
		7375397216D0361600A74EF2 /* RiderRadio-Prefix.pch */ = {isa = PBXFileReference; lastKnownFileType = sourcecode.c.h; path = "RiderRadio-Prefix.pch"; sourceTree = "<group>"; };
		7375397316D0361600A74EF2 /* AppDelegate.h */ = {isa = PBXFileReference; lastKnownFileType = sourcecode.c.h; path = AppDelegate.h; sourceTree = "<group>"; };
		7375397416D0361600A74EF2 /* AppDelegate.m */ = {isa = PBXFileReference; lastKnownFileType = sourcecode.c.objc; path = AppDelegate.m; sourceTree = "<group>"; };
		737974F51709EF5D00373D7F /* MessageUI.framework */ = {isa = PBXFileReference; lastKnownFileType = wrapper.framework; name = MessageUI.framework; path = System/Library/Frameworks/MessageUI.framework; sourceTree = SDKROOT; };
		73A7EC3617679EC600031C99 /* Accounts.framework */ = {isa = PBXFileReference; lastKnownFileType = wrapper.framework; name = Accounts.framework; path = System/Library/Frameworks/Accounts.framework; sourceTree = SDKROOT; };
		73A7EC3717679EC600031C99 /* AdSupport.framework */ = {isa = PBXFileReference; lastKnownFileType = wrapper.framework; name = AdSupport.framework; path = System/Library/Frameworks/AdSupport.framework; sourceTree = SDKROOT; };
		73A7EC3817679EC600031C99 /* libsqlite3.dylib */ = {isa = PBXFileReference; lastKnownFileType = "compiled.mach-o.dylib"; name = libsqlite3.dylib; path = usr/lib/libsqlite3.dylib; sourceTree = SDKROOT; };
		73A7EC3917679EC600031C99 /* Security.framework */ = {isa = PBXFileReference; lastKnownFileType = wrapper.framework; name = Security.framework; path = System/Library/Frameworks/Security.framework; sourceTree = SDKROOT; };
		73A7EC3A17679EC600031C99 /* Social.framework */ = {isa = PBXFileReference; lastKnownFileType = wrapper.framework; name = Social.framework; path = System/Library/Frameworks/Social.framework; sourceTree = SDKROOT; };
		73B418591738222000144C53 /* AFHTTPClient.h */ = {isa = PBXFileReference; fileEncoding = 4; lastKnownFileType = sourcecode.c.h; path = AFHTTPClient.h; sourceTree = "<group>"; };
		73B4185A1738222000144C53 /* AFHTTPClient.m */ = {isa = PBXFileReference; fileEncoding = 4; lastKnownFileType = sourcecode.c.objc; path = AFHTTPClient.m; sourceTree = "<group>"; };
		73B4185B1738222000144C53 /* AFHTTPRequestOperation.h */ = {isa = PBXFileReference; fileEncoding = 4; lastKnownFileType = sourcecode.c.h; path = AFHTTPRequestOperation.h; sourceTree = "<group>"; };
		73B4185C1738222000144C53 /* AFHTTPRequestOperation.m */ = {isa = PBXFileReference; fileEncoding = 4; lastKnownFileType = sourcecode.c.objc; path = AFHTTPRequestOperation.m; sourceTree = "<group>"; };
		73B4185D1738222000144C53 /* AFImageRequestOperation.h */ = {isa = PBXFileReference; fileEncoding = 4; lastKnownFileType = sourcecode.c.h; path = AFImageRequestOperation.h; sourceTree = "<group>"; };
		73B4185E1738222000144C53 /* AFImageRequestOperation.m */ = {isa = PBXFileReference; fileEncoding = 4; lastKnownFileType = sourcecode.c.objc; path = AFImageRequestOperation.m; sourceTree = "<group>"; };
		73B4185F1738222000144C53 /* AFJSONRequestOperation.h */ = {isa = PBXFileReference; fileEncoding = 4; lastKnownFileType = sourcecode.c.h; path = AFJSONRequestOperation.h; sourceTree = "<group>"; };
		73B418601738222000144C53 /* AFJSONRequestOperation.m */ = {isa = PBXFileReference; fileEncoding = 4; lastKnownFileType = sourcecode.c.objc; path = AFJSONRequestOperation.m; sourceTree = "<group>"; };
		73B418611738222000144C53 /* AFNetworkActivityIndicatorManager.h */ = {isa = PBXFileReference; fileEncoding = 4; lastKnownFileType = sourcecode.c.h; path = AFNetworkActivityIndicatorManager.h; sourceTree = "<group>"; };
		73B418621738222000144C53 /* AFNetworkActivityIndicatorManager.m */ = {isa = PBXFileReference; fileEncoding = 4; lastKnownFileType = sourcecode.c.objc; path = AFNetworkActivityIndicatorManager.m; sourceTree = "<group>"; };
		73B418631738222000144C53 /* AFNetworking.h */ = {isa = PBXFileReference; fileEncoding = 4; lastKnownFileType = sourcecode.c.h; path = AFNetworking.h; sourceTree = "<group>"; };
		73B418641738222000144C53 /* AFPropertyListRequestOperation.h */ = {isa = PBXFileReference; fileEncoding = 4; lastKnownFileType = sourcecode.c.h; path = AFPropertyListRequestOperation.h; sourceTree = "<group>"; };
		73B418651738222000144C53 /* AFPropertyListRequestOperation.m */ = {isa = PBXFileReference; fileEncoding = 4; lastKnownFileType = sourcecode.c.objc; path = AFPropertyListRequestOperation.m; sourceTree = "<group>"; };
		73B418661738222000144C53 /* AFURLConnectionOperation.h */ = {isa = PBXFileReference; fileEncoding = 4; lastKnownFileType = sourcecode.c.h; path = AFURLConnectionOperation.h; sourceTree = "<group>"; };
		73B418671738222000144C53 /* AFURLConnectionOperation.m */ = {isa = PBXFileReference; fileEncoding = 4; lastKnownFileType = sourcecode.c.objc; path = AFURLConnectionOperation.m; sourceTree = "<group>"; };
		73B418681738222000144C53 /* AFXMLRequestOperation.h */ = {isa = PBXFileReference; fileEncoding = 4; lastKnownFileType = sourcecode.c.h; path = AFXMLRequestOperation.h; sourceTree = "<group>"; };
		73B418691738222000144C53 /* AFXMLRequestOperation.m */ = {isa = PBXFileReference; fileEncoding = 4; lastKnownFileType = sourcecode.c.objc; path = AFXMLRequestOperation.m; sourceTree = "<group>"; };
		73B4186A1738222000144C53 /* UIImageView+AFNetworking.h */ = {isa = PBXFileReference; fileEncoding = 4; lastKnownFileType = sourcecode.c.h; path = "UIImageView+AFNetworking.h"; sourceTree = "<group>"; };
		73B4186B1738222000144C53 /* UIImageView+AFNetworking.m */ = {isa = PBXFileReference; fileEncoding = 4; lastKnownFileType = sourcecode.c.objc; path = "UIImageView+AFNetworking.m"; sourceTree = "<group>"; };
		73EB99A01707684900C3E2DA /* QuartzCore.framework */ = {isa = PBXFileReference; lastKnownFileType = wrapper.framework; name = QuartzCore.framework; path = System/Library/Frameworks/QuartzCore.framework; sourceTree = SDKROOT; };
/* End PBXFileReference section */

/* Begin PBXFrameworksBuildPhase section */
		7375395E16D0361500A74EF2 /* Frameworks */ = {
			isa = PBXFrameworksBuildPhase;
			buildActionMask = 2147483647;
			files = (
				73A7EC3B17679EC600031C99 /* Accounts.framework in Frameworks */,
				73A7EC3C17679EC600031C99 /* AdSupport.framework in Frameworks */,
				733B5E4F176CB06D00A7B42A /* AVFoundation.framework in Frameworks */,
				7375396916D0361600A74EF2 /* CoreGraphics.framework in Frameworks */,
				5FB272AC19C4862800CCB4B7 /* FacebookSDK.framework in Frameworks */,
				7375396716D0361600A74EF2 /* Foundation.framework in Frameworks */,
				5FB5FB4919C9EEE6007CE3BF /* Crashlytics.framework in Frameworks */,
				7319EE491729348000C502E5 /* MediaPlayer.framework in Frameworks */,
				737974F61709EF5D00373D7F /* MessageUI.framework in Frameworks */,
				73EB99A11707684900C3E2DA /* QuartzCore.framework in Frameworks */,
				73A7EC3E17679EC600031C99 /* Security.framework in Frameworks */,
				73A7EC3F17679EC600031C99 /* Social.framework in Frameworks */,
				7375396516D0361600A74EF2 /* UIKit.framework in Frameworks */,
				73A7EC3D17679EC600031C99 /* libsqlite3.dylib in Frameworks */,
			);
			runOnlyForDeploymentPostprocessing = 0;
		};
/* End PBXFrameworksBuildPhase section */

/* Begin PBXGroup section */
		5F7084E219C36C5D0017D03B /* FluxIsDown */ = {
			isa = PBXGroup;
			children = (
				5F7084E319C36C6C0017D03B /* FluxIsDownViewController.h */,
				5F7084E419C36C6C0017D03B /* FluxIsDownViewController.m */,
				5F7084E519C36C6C0017D03B /* FluxIsDownViewController.xib */,
			);
			path = FluxIsDown;
			sourceTree = "<group>";
		};
		5FAF48FB19BF813F000E6F97 /* Parallax */ = {
			isa = PBXGroup;
			children = (
				5F1B61A019C221F100D7A515 /* Parallax.h */,
				5F1B61A119C221F100D7A515 /* Parallax.m */,
			);
			path = Parallax;
			sourceTree = "<group>";
		};
		730C799B17E48C9B00E7572F /* CUViewController */ = {
			isa = PBXGroup;
			children = (
				730C799C17E48C9B00E7572F /* CUViewController.h */,
				730C799D17E48C9B00E7572F /* CUViewController.m */,
				730C799E17E48C9B00E7572F /* CUViewController.xib */,
			);
			path = CUViewController;
			sourceTree = "<group>";
		};
		730C79A117E48EB400E7572F /* Infos */ = {
			isa = PBXGroup;
			children = (
				730C79A217E48EC700E7572F /* InfosViewController.h */,
				730C79A317E48EC700E7572F /* InfosViewController.m */,
				730C79A417E48EC700E7572F /* InfosViewController.xib */,
			);
			path = Infos;
			sourceTree = "<group>";
		};
		730C79A717E4A25100E7572F /* Mixes */ = {
			isa = PBXGroup;
			children = (
				730C79AF17E4A29F00E7572F /* MixesViewController.h */,
				730C79B017E4A29F00E7572F /* MixesViewController.m */,
				730C79B117E4A29F00E7572F /* MixesViewController.xib */,
			);
			path = Mixes;
			sourceTree = "<group>";
		};
		730C79A817E4A25100E7572F /* Replays */ = {
			isa = PBXGroup;
			children = (
				730C79B417E4A2B400E7572F /* ReplaysViewController.h */,
				730C79B517E4A2B400E7572F /* ReplaysViewController.m */,
				730C79B617E4A2B400E7572F /* ReplaysViewController.xib */,
			);
			path = Replays;
			sourceTree = "<group>";
		};
		730C79A917E4A25900E7572F /* Freshnews */ = {
			isa = PBXGroup;
			children = (
				730C79AA17E4A26B00E7572F /* FreshnewsViewController.h */,
				730C79AB17E4A26B00E7572F /* FreshnewsViewController.m */,
				730C79AC17E4A26B00E7572F /* FreshnewsViewController.xib */,
			);
			path = Freshnews;
			sourceTree = "<group>";
		};
		730C79B917E4B45600E7572F /* OnAir */ = {
			isa = PBXGroup;
			children = (
				730C79BA17E4B46100E7572F /* OnAirViewController.h */,
				730C79BB17E4B46100E7572F /* OnAirViewController.m */,
				730C79BC17E4B46100E7572F /* OnAirViewController.xib */,
			);
			path = OnAir;
			sourceTree = "<group>";
		};
		7319EE4417291FF700C502E5 /* Macros */ = {
			isa = PBXGroup;
			children = (
				7319EE4517291FF700C502E5 /* Macros.h */,
				7319EE4617291FF700C502E5 /* Macros.m */,
			);
			path = Macros;
			sourceTree = "<group>";
		};
		7319EE4A1729348B00C502E5 /* Core */ = {
			isa = PBXGroup;
			children = (
				733B5E4E176CB06D00A7B42A /* AVFoundation.framework */,
				7375396816D0361600A74EF2 /* CoreGraphics.framework */,
				7375396616D0361600A74EF2 /* Foundation.framework */,
				7319EE481729348000C502E5 /* MediaPlayer.framework */,
				737974F51709EF5D00373D7F /* MessageUI.framework */,
				73EB99A01707684900C3E2DA /* QuartzCore.framework */,
				7375396416D0361600A74EF2 /* UIKit.framework */,
			);
			name = Core;
			sourceTree = "<group>";
		};
		735EF78117D8FE4500030BBD /* Cell */ = {
			isa = PBXGroup;
			children = (
				735EF78217D8FE4500030BBD /* SectionCell */,
			);
			path = Cell;
			sourceTree = "<group>";
		};
		735EF78217D8FE4500030BBD /* SectionCell */ = {
			isa = PBXGroup;
			children = (
				735EF78317D8FE8300030BBD /* SectionCell.h */,
				735EF78417D8FE8300030BBD /* SectionCell.m */,
				735EF78617D8FE9800030BBD /* SectionCell.xib */,
			);
			path = SectionCell;
			sourceTree = "<group>";
		};
		736672211779DE850017036A /* Tools */ = {
			isa = PBXGroup;
			children = (
				5FAF48FB19BF813F000E6F97 /* Parallax */,
				736672221779DE850017036A /* ViewTranslater */,
			);
			path = Tools;
			sourceTree = "<group>";
		};
		736672221779DE850017036A /* ViewTranslater */ = {
			isa = PBXGroup;
			children = (
				736672231779DE850017036A /* ViewTranslater.h */,
				736672241779DE850017036A /* ViewTranslater.m */,
			);
			path = ViewTranslater;
			sourceTree = "<group>";
		};
		7375395816D0361500A74EF2 = {
			isa = PBXGroup;
			children = (
				7375396A16D0361600A74EF2 /* RiderRadio */,
				7375396316D0361600A74EF2 /* Frameworks */,
				73B418571738222000144C53 /* Libs */,
				7375396216D0361600A74EF2 /* Products */,
			);
			sourceTree = "<group>";
		};
		7375396216D0361600A74EF2 /* Products */ = {
			isa = PBXGroup;
			children = (
				7375396116D0361600A74EF2 /* RiderRadio.app */,
			);
			name = Products;
			sourceTree = "<group>";
		};
		7375396316D0361600A74EF2 /* Frameworks */ = {
			isa = PBXGroup;
			children = (
				5FB5FB4819C9EEE6007CE3BF /* Crashlytics.framework */,
				7319EE4A1729348B00C502E5 /* Core */,
				73A7EC31176798DC00031C99 /* Facebook */,
			);
			name = Frameworks;
			sourceTree = "<group>";
		};
		7375396A16D0361600A74EF2 /* RiderRadio */ = {
			isa = PBXGroup;
			children = (
				7375397316D0361600A74EF2 /* AppDelegate.h */,
				7375397416D0361600A74EF2 /* AppDelegate.m */,
				7375398816D039C800A74EF2 /* CONFIGURATION */,
				7375398116D037EF00A74EF2 /* APPLICATION */,
				73EB996B1707187E00C3E2DA /* CUSTOM ITEMS */,
				73EB996F170718F700C3E2DA /* Resources */,
				735379D6190D4554001F0D67 /* Images.xcassets */,
				7375396B16D0361600A74EF2 /* Supporting Files */,
			);
			path = RiderRadio;
			sourceTree = "<group>";
		};
		7375396B16D0361600A74EF2 /* Supporting Files */ = {
			isa = PBXGroup;
			children = (
				7375396C16D0361600A74EF2 /* RiderRadio-Info.plist */,
				7375397016D0361600A74EF2 /* main.m */,
				7375397216D0361600A74EF2 /* RiderRadio-Prefix.pch */,
			);
			name = "Supporting Files";
			sourceTree = "<group>";
		};
		7375398116D037EF00A74EF2 /* APPLICATION */ = {
			isa = PBXGroup;
			children = (
				730C79A917E4A25900E7572F /* Freshnews */,
				7375398216D037EF00A74EF2 /* Home */,
				730C79A117E48EB400E7572F /* Infos */,
				730C79A717E4A25100E7572F /* Mixes */,
				730C79B917E4B45600E7572F /* OnAir */,
				730C79A817E4A25100E7572F /* Replays */,
			);
			path = APPLICATION;
			sourceTree = "<group>";
		};
		7375398216D037EF00A74EF2 /* Home */ = {
			isa = PBXGroup;
			children = (
				735EF77C17D8FA6300030BBD /* HomeViewController.h */,
				735EF77D17D8FA6300030BBD /* HomeViewController.m */,
				735EF77E17D8FA6400030BBD /* HomeViewController.xib */,
				5F7084E219C36C5D0017D03B /* FluxIsDown */,
			);
			path = Home;
			sourceTree = "<group>";
		};
		7375398816D039C800A74EF2 /* CONFIGURATION */ = {
			isa = PBXGroup;
			children = (
				7319EE4417291FF700C502E5 /* Macros */,
				736672211779DE850017036A /* Tools */,
			);
			path = CONFIGURATION;
			sourceTree = "<group>";
		};
		73A7EC31176798DC00031C99 /* Facebook */ = {
			isa = PBXGroup;
			children = (
				73A7EC3617679EC600031C99 /* Accounts.framework */,
				73A7EC3717679EC600031C99 /* AdSupport.framework */,
				5FB272AB19C4862700CCB4B7 /* FacebookSDK.framework */,
				73A7EC3917679EC600031C99 /* Security.framework */,
				73A7EC3A17679EC600031C99 /* Social.framework */,
				73A7EC3817679EC600031C99 /* libsqlite3.dylib */,
			);
			name = Facebook;
			sourceTree = "<group>";
		};
		73B418571738222000144C53 /* Libs */ = {
			isa = PBXGroup;
			children = (
				73B418581738222000144C53 /* AFNetworking */,
			);
			name = Libs;
			path = RiderRadio/Libs;
			sourceTree = "<group>";
		};
		73B418581738222000144C53 /* AFNetworking */ = {
			isa = PBXGroup;
			children = (
				73B418591738222000144C53 /* AFHTTPClient.h */,
				73B4185A1738222000144C53 /* AFHTTPClient.m */,
				73B4185B1738222000144C53 /* AFHTTPRequestOperation.h */,
				73B4185C1738222000144C53 /* AFHTTPRequestOperation.m */,
				73B4185D1738222000144C53 /* AFImageRequestOperation.h */,
				73B4185E1738222000144C53 /* AFImageRequestOperation.m */,
				73B4185F1738222000144C53 /* AFJSONRequestOperation.h */,
				73B418601738222000144C53 /* AFJSONRequestOperation.m */,
				73B418611738222000144C53 /* AFNetworkActivityIndicatorManager.h */,
				73B418621738222000144C53 /* AFNetworkActivityIndicatorManager.m */,
				73B418631738222000144C53 /* AFNetworking.h */,
				73B418641738222000144C53 /* AFPropertyListRequestOperation.h */,
				73B418651738222000144C53 /* AFPropertyListRequestOperation.m */,
				73B418661738222000144C53 /* AFURLConnectionOperation.h */,
				73B418671738222000144C53 /* AFURLConnectionOperation.m */,
				73B418681738222000144C53 /* AFXMLRequestOperation.h */,
				73B418691738222000144C53 /* AFXMLRequestOperation.m */,
				73B4186A1738222000144C53 /* UIImageView+AFNetworking.h */,
				73B4186B1738222000144C53 /* UIImageView+AFNetworking.m */,
			);
			path = AFNetworking;
			sourceTree = "<group>";
		};
		73EB996B1707187E00C3E2DA /* CUSTOM ITEMS */ = {
			isa = PBXGroup;
			children = (
				73EB996D1707187E00C3E2DA /* - M - */,
				73EB996E1707187E00C3E2DA /* - V - */,
				73EB996C1707187E00C3E2DA /* - C - */,
			);
			path = "CUSTOM ITEMS";
			sourceTree = "<group>";
		};
		73EB996C1707187E00C3E2DA /* - C - */ = {
			isa = PBXGroup;
			children = (
			);
			path = "- C -";
			sourceTree = "<group>";
		};
		73EB996D1707187E00C3E2DA /* - M - */ = {
			isa = PBXGroup;
			children = (
			);
			path = "- M -";
			sourceTree = "<group>";
		};
		73EB996E1707187E00C3E2DA /* - V - */ = {
			isa = PBXGroup;
			children = (
				735EF78117D8FE4500030BBD /* Cell */,
				730C799B17E48C9B00E7572F /* CUViewController */,
			);
			path = "- V -";
			sourceTree = "<group>";
		};
		73EB996F170718F700C3E2DA /* Resources */ = {
			isa = PBXGroup;
			children = (
				7366721F1779D5EB0017036A /* Localizable.strings */,
			);
			path = Resources;
			sourceTree = SOURCE_ROOT;
		};
/* End PBXGroup section */

/* Begin PBXNativeTarget section */
		7375396016D0361500A74EF2 /* RiderRadio */ = {
			isa = PBXNativeTarget;
			buildConfigurationList = 7375397E16D0361600A74EF2 /* Build configuration list for PBXNativeTarget "RiderRadio" */;
			buildPhases = (
				7375395D16D0361500A74EF2 /* Sources */,
				7375395E16D0361500A74EF2 /* Frameworks */,
				7375395F16D0361500A74EF2 /* Resources */,
				5FB5FB4719C9EE87007CE3BF /* ShellScript */,
			);
			buildRules = (
			);
			dependencies = (
			);
			name = RiderRadio;
			productName = RiderRadio;
			productReference = 7375396116D0361600A74EF2 /* RiderRadio.app */;
			productType = "com.apple.product-type.application";
		};
/* End PBXNativeTarget section */

/* Begin PBXProject section */
		7375395916D0361500A74EF2 /* Project object */ = {
			isa = PBXProject;
			attributes = {
				LastUpgradeCheck = 0460;
				ORGANIZATIONNAME = "Fabien Moussavi";
				TargetAttributes = {
					7375396016D0361500A74EF2 = {
						DevelopmentTeam = 3EFK4T4GP7;
					};
				};
			};
			buildConfigurationList = 7375395C16D0361500A74EF2 /* Build configuration list for PBXProject "RiderRadio" */;
			compatibilityVersion = "Xcode 3.2";
			developmentRegion = English;
			hasScannedForEncodings = 0;
			knownRegions = (
				en,
				fr,
			);
			mainGroup = 7375395816D0361500A74EF2;
			productRefGroup = 7375396216D0361600A74EF2 /* Products */;
			projectDirPath = "";
			projectRoot = "";
			targets = (
				7375396016D0361500A74EF2 /* RiderRadio */,
			);
		};
/* End PBXProject section */

/* Begin PBXResourcesBuildPhase section */
		7375395F16D0361500A74EF2 /* Resources */ = {
			isa = PBXResourcesBuildPhase;
			buildActionMask = 2147483647;
			files = (
				7366721D1779D5EB0017036A /* Localizable.strings in Resources */,
				5F7084E719C36C6C0017D03B /* FluxIsDownViewController.xib in Resources */,
				735EF78017D8FA6400030BBD /* HomeViewController.xib in Resources */,
				735EF78717D8FE9800030BBD /* SectionCell.xib in Resources */,
				730C79A017E48C9B00E7572F /* CUViewController.xib in Resources */,
				730C79A617E48EC700E7572F /* InfosViewController.xib in Resources */,
				730C79AE17E4A26B00E7572F /* FreshnewsViewController.xib in Resources */,
				730C79B317E4A29F00E7572F /* MixesViewController.xib in Resources */,
				730C79B817E4A2B400E7572F /* ReplaysViewController.xib in Resources */,
				730C79BE17E4B46100E7572F /* OnAirViewController.xib in Resources */,
				735379D7190D4554001F0D67 /* Images.xcassets in Resources */,
			);
			runOnlyForDeploymentPostprocessing = 0;
		};
/* End PBXResourcesBuildPhase section */

/* Begin PBXShellScriptBuildPhase section */
		5FB5FB4719C9EE87007CE3BF /* ShellScript */ = {
			isa = PBXShellScriptBuildPhase;
			buildActionMask = 2147483647;
			files = (
			);
			inputPaths = (
			);
			outputPaths = (
			);
			runOnlyForDeploymentPostprocessing = 0;
			shellPath = /bin/sh;
			shellScript = "./Crashlytics.framework/run 6470076a4e8d89c0ff40969b610709937de85a09 692b2d3b78eecfedcf4c979eecdca186cacc765adc7e8aa1f51625426f539857";
		};
/* End PBXShellScriptBuildPhase section */

/* Begin PBXSourcesBuildPhase section */
		7375395D16D0361500A74EF2 /* Sources */ = {
			isa = PBXSourcesBuildPhase;
			buildActionMask = 2147483647;
			files = (
				7375397116D0361600A74EF2 /* main.m in Sources */,
				7375397516D0361600A74EF2 /* AppDelegate.m in Sources */,
				7319EE4717291FF700C502E5 /* Macros.m in Sources */,
				73B4189C1738222000144C53 /* AFHTTPClient.m in Sources */,
				73B4189D1738222000144C53 /* AFHTTPRequestOperation.m in Sources */,
				73B4189E1738222000144C53 /* AFImageRequestOperation.m in Sources */,
				73B4189F1738222000144C53 /* AFJSONRequestOperation.m in Sources */,
				73B418A01738222000144C53 /* AFNetworkActivityIndicatorManager.m in Sources */,
				73B418A11738222000144C53 /* AFPropertyListRequestOperation.m in Sources */,
				73B418A21738222000144C53 /* AFURLConnectionOperation.m in Sources */,
				73B418A31738222000144C53 /* AFXMLRequestOperation.m in Sources */,
				73B418A41738222000144C53 /* UIImageView+AFNetworking.m in Sources */,
				736672251779DE850017036A /* ViewTranslater.m in Sources */,
				5F1B61A219C221F100D7A515 /* Parallax.m in Sources */,
				735EF77F17D8FA6400030BBD /* HomeViewController.m in Sources */,
				5F7084E619C36C6C0017D03B /* FluxIsDownViewController.m in Sources */,
				735EF78517D8FE8300030BBD /* SectionCell.m in Sources */,
				730C799F17E48C9B00E7572F /* CUViewController.m in Sources */,
				730C79A517E48EC700E7572F /* InfosViewController.m in Sources */,
				730C79AD17E4A26B00E7572F /* FreshnewsViewController.m in Sources */,
				730C79B217E4A29F00E7572F /* MixesViewController.m in Sources */,
				730C79B717E4A2B400E7572F /* ReplaysViewController.m in Sources */,
				730C79BD17E4B46100E7572F /* OnAirViewController.m in Sources */,
			);
			runOnlyForDeploymentPostprocessing = 0;
		};
/* End PBXSourcesBuildPhase section */

/* Begin PBXVariantGroup section */
		7366721F1779D5EB0017036A /* Localizable.strings */ = {
			isa = PBXVariantGroup;
			children = (
				7366721E1779D5EB0017036A /* en */,
				736672201779D5F60017036A /* fr */,
			);
			name = Localizable.strings;
			sourceTree = "<group>";
		};
/* End PBXVariantGroup section */

/* Begin XCBuildConfiguration section */
		7375397C16D0361600A74EF2 /* Debug */ = {
			isa = XCBuildConfiguration;
			buildSettings = {
				ALWAYS_SEARCH_USER_PATHS = NO;
				CLANG_CXX_LANGUAGE_STANDARD = "gnu++0x";
				CLANG_CXX_LIBRARY = "libc++";
				CLANG_ENABLE_OBJC_ARC = YES;
				CLANG_WARN_CONSTANT_CONVERSION = YES;
				CLANG_WARN_EMPTY_BODY = YES;
				CLANG_WARN_ENUM_CONVERSION = YES;
				CLANG_WARN_INT_CONVERSION = YES;
				CLANG_WARN__DUPLICATE_METHOD_MATCH = YES;
				CODE_SIGN_IDENTITY = "iPhone Developer: Fabien Moussavi (DT32LRXJEL)";
				"CODE_SIGN_IDENTITY[sdk=iphoneos*]" = "iPhone Developer: Fabien Moussavi (DT32LRXJEL)";
				COPY_PHASE_STRIP = NO;
				DEFINES_MODULE = YES;
				GCC_C_LANGUAGE_STANDARD = gnu99;
				GCC_DYNAMIC_NO_PIC = NO;
				GCC_OPTIMIZATION_LEVEL = 0;
				GCC_PREPROCESSOR_DEFINITIONS = (
					"DEBUG=1",
					"$(inherited)",
				);
				GCC_SYMBOLS_PRIVATE_EXTERN = NO;
				GCC_WARN_ABOUT_RETURN_TYPE = YES;
				GCC_WARN_UNINITIALIZED_AUTOS = YES;
				GCC_WARN_UNUSED_VARIABLE = YES;
				IPHONEOS_DEPLOYMENT_TARGET = 6.0;
				ONLY_ACTIVE_ARCH = YES;
				PRODUCT_NAME = "$(PRODUCT_NAME)";
				PROVISIONING_PROFILE = "cb622ed2-0bb8-4f8f-ba79-70be56bff94b";
				"PROVISIONING_PROFILE[sdk=iphoneos*]" = "cb622ed2-0bb8-4f8f-ba79-70be56bff94b";
				SDKROOT = iphoneos;
				TARGETED_DEVICE_FAMILY = "1,2";
				VALID_ARCHS = "armv7 armv7s";
			};
			name = Debug;
		};
		7375397D16D0361600A74EF2 /* Release */ = {
			isa = XCBuildConfiguration;
			buildSettings = {
				ALWAYS_SEARCH_USER_PATHS = NO;
				CLANG_CXX_LANGUAGE_STANDARD = "gnu++0x";
				CLANG_CXX_LIBRARY = "libc++";
				CLANG_ENABLE_OBJC_ARC = YES;
				CLANG_WARN_CONSTANT_CONVERSION = YES;
				CLANG_WARN_EMPTY_BODY = YES;
				CLANG_WARN_ENUM_CONVERSION = YES;
				CLANG_WARN_INT_CONVERSION = YES;
				CLANG_WARN__DUPLICATE_METHOD_MATCH = YES;
				CODE_SIGN_IDENTITY = "iPhone Distribution: Fabien Moussavi (3EFK4T4GP7)";
				"CODE_SIGN_IDENTITY[sdk=iphoneos*]" = "iPhone Distribution: Fabien Moussavi (3EFK4T4GP7)";
				COPY_PHASE_STRIP = YES;
				DEFINES_MODULE = YES;
				GCC_C_LANGUAGE_STANDARD = gnu99;
				GCC_WARN_ABOUT_RETURN_TYPE = YES;
				GCC_WARN_UNINITIALIZED_AUTOS = YES;
				GCC_WARN_UNUSED_VARIABLE = YES;
				IPHONEOS_DEPLOYMENT_TARGET = 6.0;
				OTHER_CFLAGS = "-DNS_BLOCK_ASSERTIONS=1";
				PRODUCT_NAME = "$(PRODUCT_NAME)";
				PROVISIONING_PROFILE = "ae481ce5-0454-44de-ad49-cb20f3f42e7f";
				"PROVISIONING_PROFILE[sdk=iphoneos*]" = "ae481ce5-0454-44de-ad49-cb20f3f42e7f";
				SDKROOT = iphoneos;
				TARGETED_DEVICE_FAMILY = "1,2";
				VALIDATE_PRODUCT = YES;
				VALID_ARCHS = "armv7 armv7s";
			};
			name = Release;
		};
		7375397F16D0361600A74EF2 /* Debug */ = {
			isa = XCBuildConfiguration;
			buildSettings = {
				ASSETCATALOG_COMPILER_APPICON_NAME = AppIcon;
				ASSETCATALOG_COMPILER_LAUNCHIMAGE_NAME = LaunchImage;
				CLANG_ENABLE_MODULES = YES;
				CODE_SIGN_IDENTITY = "iPhone Developer";
				"CODE_SIGN_IDENTITY[sdk=iphoneos*]" = "iPhone Developer";
				ENABLE_BITCODE = NO;
				FRAMEWORK_SEARCH_PATHS = (
					"$(inherited)",
					"\"$(SRCROOT)/../../Documents/FacebookSDK\"",
					"$(PROJECT_DIR)/RiderRadio/Libs",
					"$(PROJECT_DIR)",
				);
				GCC_PRECOMPILE_PREFIX_HEADER = YES;
				GCC_PREFIX_HEADER = "RiderRadio/RiderRadio-Prefix.pch";
				GCC_PREPROCESSOR_DEFINITIONS = "";
				INFOPLIST_FILE = "RiderRadio/RiderRadio-Info.plist";
				IPHONEOS_DEPLOYMENT_TARGET = 6.0;
				LD_RUNPATH_SEARCH_PATHS = "$(inherited) @executable_path/Frameworks";
				ONLY_ACTIVE_ARCH = NO;
				PRODUCT_NAME = "$(TARGET_NAME)";
				PROVISIONING_PROFILE = "";
				SWIFT_OBJC_BRIDGING_HEADER = "RiderRadio/CONFIGURATION/Tools/Parallax/RiderRadio-Bridging-Header.h";
				SWIFT_OPTIMIZATION_LEVEL = "-Onone";
				TARGETED_DEVICE_FAMILY = 1;
				WRAPPER_EXTENSION = app;
			};
			name = Debug;
		};
		7375398016D0361600A74EF2 /* Release */ = {
			isa = XCBuildConfiguration;
			buildSettings = {
				ASSETCATALOG_COMPILER_APPICON_NAME = AppIcon;
				ASSETCATALOG_COMPILER_LAUNCHIMAGE_NAME = LaunchImage;
				CLANG_ENABLE_MODULES = YES;
				CODE_SIGN_IDENTITY = "iPhone Distribution: Fabien Moussavi (3EFK4T4GP7)";
				"CODE_SIGN_IDENTITY[sdk=iphoneos*]" = "iPhone Distribution: Fabien Moussavi (3EFK4T4GP7)";
				ENABLE_BITCODE = NO;
				FRAMEWORK_SEARCH_PATHS = (
					"$(inherited)",
					"\"$(SRCROOT)/../../Documents/FacebookSDK\"",
					"$(PROJECT_DIR)/RiderRadio/Libs",
					"$(PROJECT_DIR)",
				);
				GCC_PRECOMPILE_PREFIX_HEADER = YES;
				GCC_PREFIX_HEADER = "RiderRadio/RiderRadio-Prefix.pch";
				GCC_PREPROCESSOR_DEFINITIONS = "";
				INFOPLIST_FILE = "RiderRadio/RiderRadio-Info.plist";
				IPHONEOS_DEPLOYMENT_TARGET = 6.0;
				LD_RUNPATH_SEARCH_PATHS = "$(inherited) @executable_path/Frameworks";
				PRODUCT_NAME = "$(TARGET_NAME)";
				PROVISIONING_PROFILE = "1409c42f-29a4-44e4-9394-672773ed601d";
				SWIFT_OBJC_BRIDGING_HEADER = "RiderRadio/CONFIGURATION/Tools/Parallax/RiderRadio-Bridging-Header.h";
				TARGETED_DEVICE_FAMILY = 1;
				WRAPPER_EXTENSION = app;
			};
			name = Release;
		};
/* End XCBuildConfiguration section */

/* Begin XCConfigurationList section */
		7375395C16D0361500A74EF2 /* Build configuration list for PBXProject "RiderRadio" */ = {
			isa = XCConfigurationList;
			buildConfigurations = (
				7375397C16D0361600A74EF2 /* Debug */,
				7375397D16D0361600A74EF2 /* Release */,
			);
			defaultConfigurationIsVisible = 0;
			defaultConfigurationName = Release;
		};
		7375397E16D0361600A74EF2 /* Build configuration list for PBXNativeTarget "RiderRadio" */ = {
			isa = XCConfigurationList;
			buildConfigurations = (
				7375397F16D0361600A74EF2 /* Debug */,
				7375398016D0361600A74EF2 /* Release */,
			);
			defaultConfigurationIsVisible = 0;
			defaultConfigurationName = Release;
		};
/* End XCConfigurationList section */
	};
	rootObject = 7375395916D0361500A74EF2 /* Project object */;
}
